
Microsoft Visual Studio Solution File, Format Version 12.00
# Visual Studio 14
VisualStudioVersion = 14.0.23107.0
MinimumVisualStudioVersion = 10.0.40219.1
Project("{FAE04EC0-301F-11D3-BF4B-00C04F79EFBC}") = "ConsoleControl", "ConsoleControl\ConsoleControl.csproj", "{737CC7F2-EC7C-4800-B7EB-72637E892C42}"
EndProject
Project("{FAE04EC0-301F-11D3-BF4B-00C04F79EFBC}") = "ConsoleControlSample", "ConsoleControlSample\ConsoleControlSample.csproj", "{85D51BC3-E7F2-4C63-80B4-D16BE768707E}"
EndProject
Project("{2150E333-8FDC-42A3-9474-1A3956D46DE8}") = "0. Shared", "0. Shared", "{39EC3474-A060-422A-8D28-D6D902A65F02}"
	ProjectSection(SolutionItems) = preProject
		ConsoleControl.pfx = ConsoleControl.pfx
		SharedAssemblyInfo.cs = SharedAssemblyInfo.cs
	EndProjectSection
EndProject
Project("{2150E333-8FDC-42A3-9474-1A3956D46DE8}") = "1. Controls", "1. Controls", "{75F316A9-2D1A-4788-B37B-8671FA2F17ED}"
EndProject
Project("{2150E333-8FDC-42A3-9474-1A3956D46DE8}") = "2. Samples", "2. Samples", "{88DD7B77-D58C-4AF8-B21B-A2FE9B3C74C2}"
EndProject
Global
	GlobalSection(SolutionConfigurationPlatforms) = preSolution
		Debug|Any CPU = Debug|Any CPU
		Debug|Mixed Platforms = Debug|Mixed Platforms
		Debug|x86 = Debug|x86
		Release|Any CPU = Release|Any CPU
		Release|Mixed Platforms = Release|Mixed Platforms
		Release|x86 = Release|x86
	EndGlobalSection
	GlobalSection(ProjectConfigurationPlatforms) = postSolution
		{737CC7F2-EC7C-4800-B7EB-72637E892C42}.Debug|Any CPU.ActiveCfg = Debug|Any CPU
		{737CC7F2-EC7C-4800-B7EB-72637E892C42}.Debug|Any CPU.Build.0 = Debug|Any CPU
		{737CC7F2-EC7C-4800-B7EB-72637E892C42}.Debug|Mixed Platforms.ActiveCfg = Debug|Any CPU
		{737CC7F2-EC7C-4800-B7EB-72637E892C42}.Debug|Mixed Platforms.Build.0 = Debug|Any CPU
		{737CC7F2-EC7C-4800-B7EB-72637E892C42}.Debug|x86.ActiveCfg = Debug|Any CPU
		{737CC7F2-EC7C-4800-B7EB-72637E892C42}.Release|Any CPU.ActiveCfg = Release|Any CPU
		{737CC7F2-EC7C-4800-B7EB-72637E892C42}.Release|Any CPU.Build.0 = Release|Any CPU
		{737CC7F2-EC7C-4800-B7EB-72637E892C42}.Release|Mixed Platforms.ActiveCfg = Release|Any CPU
		{737CC7F2-EC7C-4800-B7EB-72637E892C42}.Release|Mixed Platforms.Build.0 = Release|Any CPU
		{737CC7F2-EC7C-4800-B7EB-72637E892C42}.Release|x86.ActiveCfg = Release|Any CPU
		{85D51BC3-E7F2-4C63-80B4-D16BE768707E}.Debug|Any CPU.ActiveCfg = Debug|Any CPU
		{85D51BC3-E7F2-4C63-80B4-D16BE768707E}.Debug|Any CPU.Build.0 = Debug|Any CPU
		{85D51BC3-E7F2-4C63-80B4-D16BE768707E}.Debug|Mixed Platforms.ActiveCfg = Debug|Any CPU
		{85D51BC3-E7F2-4C63-80B4-D16BE768707E}.Debug|Mixed Platforms.Build.0 = Debug|Any CPU
		{85D51BC3-E7F2-4C63-80B4-D16BE768707E}.Debug|x86.ActiveCfg = Debug|Any CPU
		{85D51BC3-E7F2-4C63-80B4-D16BE768707E}.Release|Any CPU.ActiveCfg = Release|Any CPU
		{85D51BC3-E7F2-4C63-80B4-D16BE768707E}.Release|Any CPU.Build.0 = Release|Any CPU
		{85D51BC3-E7F2-4C63-80B4-D16BE768707E}.Release|Mixed Platforms.ActiveCfg = Release|Any CPU
		{85D51BC3-E7F2-4C63-80B4-D16BE768707E}.Release|Mixed Platforms.Build.0 = Release|Any CPU
		{85D51BC3-E7F2-4C63-80B4-D16BE768707E}.Release|x86.ActiveCfg = Release|Any CPU
	EndGlobalSection
	GlobalSection(SolutionProperties) = preSolution
		HideSolutionNode = FALSE
	EndGlobalSection
	GlobalSection(NestedProjects) = preSolution
		{737CC7F2-EC7C-4800-B7EB-72637E892C42} = {75F316A9-2D1A-4788-B37B-8671FA2F17ED}
		{85D51BC3-E7F2-4C63-80B4-D16BE768707E} = {88DD7B77-D58C-4AF8-B21B-A2FE9B3C74C2}
	EndGlobalSection
EndGlobal
